// !$*UTF8*$!
{
	archiveVersion = 1;
	classes = {
	};
	objectVersion = 46;
	objects = {

/* Begin PBXBuildFile section */
		290D13157FCA4FCB54E22F5A /* Pods_SmoothiesAndMilkshake.framework in Frameworks */ = {isa = PBXBuildFile; fileRef = A2EAFFF225B9B356871DB293 /* Pods_SmoothiesAndMilkshake.framework */; };
		3D0250E21E2D012200654356 /* AppDelegate.swift in Sources */ = {isa = PBXBuildFile; fileRef = 3D0250E11E2D012200654356 /* AppDelegate.swift */; };
		3D0250E41E2D012200654356 /* ViewController.swift in Sources */ = {isa = PBXBuildFile; fileRef = 3D0250E31E2D012200654356 /* ViewController.swift */; };
		3D0250E71E2D012200654356 /* Main.storyboard in Resources */ = {isa = PBXBuildFile; fileRef = 3D0250E51E2D012200654356 /* Main.storyboard */; };
		3D0250E91E2D012200654356 /* Assets.xcassets in Resources */ = {isa = PBXBuildFile; fileRef = 3D0250E81E2D012200654356 /* Assets.xcassets */; };
		3D0250EC1E2D012200654356 /* LaunchScreen.storyboard in Resources */ = {isa = PBXBuildFile; fileRef = 3D0250EA1E2D012200654356 /* LaunchScreen.storyboard */; };
		3D3D4D951E2D16CB001C974F /* Smoothies.swift in Sources */ = {isa = PBXBuildFile; fileRef = 3D3D4D941E2D16CB001C974F /* Smoothies.swift */; };
		3D3D4D981E2D18CF001C974F /* SmoothiesAPI.swift in Sources */ = {isa = PBXBuildFile; fileRef = 3D3D4D971E2D18CF001C974F /* SmoothiesAPI.swift */; };
		3D3D4D9E1E2D803F001C974F /* DrinkStore.swift in Sources */ = {isa = PBXBuildFile; fileRef = 3D3D4D9D1E2D803F001C974F /* DrinkStore.swift */; };
		3D3D4DA31E2D8AF6001C974F /* SmoothiesViewController.swift in Sources */ = {isa = PBXBuildFile; fileRef = 3D3D4DA21E2D8AF6001C974F /* SmoothiesViewController.swift */; };
/* End PBXBuildFile section */

/* Begin PBXFileReference section */
		3D0250DE1E2D012200654356 /* SmoothiesAndMilkshake.app */ = {isa = PBXFileReference; explicitFileType = wrapper.application; includeInIndex = 0; path = SmoothiesAndMilkshake.app; sourceTree = BUILT_PRODUCTS_DIR; };
		3D0250E11E2D012200654356 /* AppDelegate.swift */ = {isa = PBXFileReference; lastKnownFileType = sourcecode.swift; path = AppDelegate.swift; sourceTree = "<group>"; };
		3D0250E31E2D012200654356 /* ViewController.swift */ = {isa = PBXFileReference; lastKnownFileType = sourcecode.swift; path = ViewController.swift; sourceTree = "<group>"; };
		3D0250E61E2D012200654356 /* Base */ = {isa = PBXFileReference; lastKnownFileType = file.storyboard; name = Base; path = Base.lproj/Main.storyboard; sourceTree = "<group>"; };
		3D0250E81E2D012200654356 /* Assets.xcassets */ = {isa = PBXFileReference; lastKnownFileType = folder.assetcatalog; path = Assets.xcassets; sourceTree = "<group>"; };
		3D0250EB1E2D012200654356 /* Base */ = {isa = PBXFileReference; lastKnownFileType = file.storyboard; name = Base; path = Base.lproj/LaunchScreen.storyboard; sourceTree = "<group>"; };
		3D0250ED1E2D012200654356 /* Info.plist */ = {isa = PBXFileReference; lastKnownFileType = text.plist.xml; path = Info.plist; sourceTree = "<group>"; };
		3D3D4D941E2D16CB001C974F /* Smoothies.swift */ = {isa = PBXFileReference; fileEncoding = 4; lastKnownFileType = sourcecode.swift; path = Smoothies.swift; sourceTree = "<group>"; };
		3D3D4D971E2D18CF001C974F /* SmoothiesAPI.swift */ = {isa = PBXFileReference; fileEncoding = 4; lastKnownFileType = sourcecode.swift; path = SmoothiesAPI.swift; sourceTree = "<group>"; };
		3D3D4D9D1E2D803F001C974F /* DrinkStore.swift */ = {isa = PBXFileReference; fileEncoding = 4; lastKnownFileType = sourcecode.swift; path = DrinkStore.swift; sourceTree = "<group>"; };
		3D3D4DA21E2D8AF6001C974F /* SmoothiesViewController.swift */ = {isa = PBXFileReference; fileEncoding = 4; lastKnownFileType = sourcecode.swift; path = SmoothiesViewController.swift; sourceTree = "<group>"; };
		6528F63427032051FD3C5041 /* Pods-SmoothiesAndMilkshake.debug.xcconfig */ = {isa = PBXFileReference; includeInIndex = 1; lastKnownFileType = text.xcconfig; name = "Pods-SmoothiesAndMilkshake.debug.xcconfig"; path = "Pods/Target Support Files/Pods-SmoothiesAndMilkshake/Pods-SmoothiesAndMilkshake.debug.xcconfig"; sourceTree = "<group>"; };
		A2EAFFF225B9B356871DB293 /* Pods_SmoothiesAndMilkshake.framework */ = {isa = PBXFileReference; explicitFileType = wrapper.framework; includeInIndex = 0; path = Pods_SmoothiesAndMilkshake.framework; sourceTree = BUILT_PRODUCTS_DIR; };
		C72810258A789D863F331359 /* Pods-SmoothiesAndMilkshake.release.xcconfig */ = {isa = PBXFileReference; includeInIndex = 1; lastKnownFileType = text.xcconfig; name = "Pods-SmoothiesAndMilkshake.release.xcconfig"; path = "Pods/Target Support Files/Pods-SmoothiesAndMilkshake/Pods-SmoothiesAndMilkshake.release.xcconfig"; sourceTree = "<group>"; };
/* End PBXFileReference section */

/* Begin PBXFrameworksBuildPhase section */
		3D0250DB1E2D012200654356 /* Frameworks */ = {
			isa = PBXFrameworksBuildPhase;
			buildActionMask = 2147483647;
			files = (
				290D13157FCA4FCB54E22F5A /* Pods_SmoothiesAndMilkshake.framework in Frameworks */,
			);
			runOnlyForDeploymentPostprocessing = 0;
		};
/* End PBXFrameworksBuildPhase section */

/* Begin PBXGroup section */
		3D0250D51E2D012200654356 = {
			isa = PBXGroup;
			children = (
				3D0250E01E2D012200654356 /* SmoothiesAndMilkshake */,
				3D0250DF1E2D012200654356 /* Products */,
				BBB874929C56566F8B9A6C30 /* Pods */,
				AA624C8EFE77DC5D39D68FDB /* Frameworks */,
			);
			sourceTree = "<group>";
		};
		3D0250DF1E2D012200654356 /* Products */ = {
			isa = PBXGroup;
			children = (
				3D0250DE1E2D012200654356 /* SmoothiesAndMilkshake.app */,
			);
			name = Products;
			sourceTree = "<group>";
		};
		3D0250E01E2D012200654356 /* SmoothiesAndMilkshake */ = {
			isa = PBXGroup;
			children = (
				3D3D4D9F1E2D8191001C974F /* ViewControllers */,
				3D3D4D961E2D16D2001C974F /* Model */,
				3D0250E11E2D012200654356 /* AppDelegate.swift */,
				3D0250E31E2D012200654356 /* ViewController.swift */,
				3D0250E51E2D012200654356 /* Main.storyboard */,
				3D0250E81E2D012200654356 /* Assets.xcassets */,
				3D0250EA1E2D012200654356 /* LaunchScreen.storyboard */,
				3D0250ED1E2D012200654356 /* Info.plist */,
			);
			path = SmoothiesAndMilkshake;
			sourceTree = "<group>";
		};
		3D3D4D961E2D16D2001C974F /* Model */ = {
			isa = PBXGroup;
			children = (
				3D3D4D941E2D16CB001C974F /* Smoothies.swift */,
				3D3D4D971E2D18CF001C974F /* SmoothiesAPI.swift */,
				3D3D4D9D1E2D803F001C974F /* DrinkStore.swift */,
			);
			name = Model;
			sourceTree = "<group>";
		};
		3D3D4D9F1E2D8191001C974F /* ViewControllers */ = {
			isa = PBXGroup;
			children = (
				3D3D4DA21E2D8AF6001C974F /* SmoothiesViewController.swift */,
			);
			name = ViewControllers;
			sourceTree = "<group>";
		};
		AA624C8EFE77DC5D39D68FDB /* Frameworks */ = {
			isa = PBXGroup;
			children = (
				A2EAFFF225B9B356871DB293 /* Pods_SmoothiesAndMilkshake.framework */,
			);
			name = Frameworks;
			sourceTree = "<group>";
		};
		BBB874929C56566F8B9A6C30 /* Pods */ = {
			isa = PBXGroup;
			children = (
				6528F63427032051FD3C5041 /* Pods-SmoothiesAndMilkshake.debug.xcconfig */,
				C72810258A789D863F331359 /* Pods-SmoothiesAndMilkshake.release.xcconfig */,
			);
			name = Pods;
			sourceTree = "<group>";
		};
/* End PBXGroup section */

/* Begin PBXNativeTarget section */
		3D0250DD1E2D012200654356 /* SmoothiesAndMilkshake */ = {
			isa = PBXNativeTarget;
			buildConfigurationList = 3D0250F01E2D012200654356 /* Build configuration list for PBXNativeTarget "SmoothiesAndMilkshake" */;
			buildPhases = (
				5B307692DB14546AE3A2A863 /* [CP] Check Pods Manifest.lock */,
				3D0250DA1E2D012200654356 /* Sources */,
				3D0250DB1E2D012200654356 /* Frameworks */,
				3D0250DC1E2D012200654356 /* Resources */,
				B0EC0D2ABC37170885B0D55B /* [CP] Embed Pods Frameworks */,
				9DC985888662AAE0092A5737 /* [CP] Copy Pods Resources */,
			);
			buildRules = (
			);
			dependencies = (
			);
			name = SmoothiesAndMilkshake;
			productName = SmoothiesAndMilkshake;
			productReference = 3D0250DE1E2D012200654356 /* SmoothiesAndMilkshake.app */;
			productType = "com.apple.product-type.application";
		};
/* End PBXNativeTarget section */

/* Begin PBXProject section */
		3D0250D61E2D012200654356 /* Project object */ = {
			isa = PBXProject;
			attributes = {
				LastSwiftUpdateCheck = 0820;
				LastUpgradeCheck = 0820;
				ORGANIZATIONNAME = "Tseng Yu Siang";
				TargetAttributes = {
					3D0250DD1E2D012200654356 = {
						CreatedOnToolsVersion = 8.2.1;
						DevelopmentTeam = W5NYTSJ5Z2;
						ProvisioningStyle = Automatic;
					};
				};
			};
			buildConfigurationList = 3D0250D91E2D012200654356 /* Build configuration list for PBXProject "SmoothiesAndMilkshake" */;
			compatibilityVersion = "Xcode 3.2";
			developmentRegion = English;
			hasScannedForEncodings = 0;
			knownRegions = (
				en,
				Base,
			);
			mainGroup = 3D0250D51E2D012200654356;
			productRefGroup = 3D0250DF1E2D012200654356 /* Products */;
			projectDirPath = "";
			projectRoot = "";
			targets = (
				3D0250DD1E2D012200654356 /* SmoothiesAndMilkshake */,
			);
		};
/* End PBXProject section */

/* Begin PBXResourcesBuildPhase section */
		3D0250DC1E2D012200654356 /* Resources */ = {
			isa = PBXResourcesBuildPhase;
			buildActionMask = 2147483647;
			files = (
				3D0250EC1E2D012200654356 /* LaunchScreen.storyboard in Resources */,
				3D0250E91E2D012200654356 /* Assets.xcassets in Resources */,
				3D0250E71E2D012200654356 /* Main.storyboard in Resources */,
			);
			runOnlyForDeploymentPostprocessing = 0;
		};
/* End PBXResourcesBuildPhase section */

/* Begin PBXShellScriptBuildPhase section */
		5B307692DB14546AE3A2A863 /* [CP] Check Pods Manifest.lock */ = {
			isa = PBXShellScriptBuildPhase;
			buildActionMask = 2147483647;
			files = (
			);
			inputPaths = (
			);
			name = "[CP] Check Pods Manifest.lock";
			outputPaths = (
			);
			runOnlyForDeploymentPostprocessing = 0;
			shellPath = /bin/sh;
			shellScript = "diff \"${PODS_ROOT}/../Podfile.lock\" \"${PODS_ROOT}/Manifest.lock\" > /dev/null\nif [ $? != 0 ] ; then\n    # print error to STDERR\n    echo \"error: The sandbox is not in sync with the Podfile.lock. Run 'pod install' or update your CocoaPods installation.\" >&2\n    exit 1\nfi\n";
			showEnvVarsInLog = 0;
		};
		9DC985888662AAE0092A5737 /* [CP] Copy Pods Resources */ = {
			isa = PBXShellScriptBuildPhase;
			buildActionMask = 2147483647;
			files = (
			);
			inputPaths = (
			);
			name = "[CP] Copy Pods Resources";
			outputPaths = (
			);
			runOnlyForDeploymentPostprocessing = 0;
			shellPath = /bin/sh;
			shellScript = "\"${SRCROOT}/Pods/Target Support Files/Pods-SmoothiesAndMilkshake/Pods-SmoothiesAndMilkshake-resources.sh\"\n";
			showEnvVarsInLog = 0;
		};
		B0EC0D2ABC37170885B0D55B /* [CP] Embed Pods Frameworks */ = {
			isa = PBXShellScriptBuildPhase;
			buildActionMask = 2147483647;
			files = (
			);
			inputPaths = (
			);
			name = "[CP] Embed Pods Frameworks";
			outputPaths = (
			);
			runOnlyForDeploymentPostprocessing = 0;
			shellPath = /bin/sh;
			shellScript = "\"${SRCROOT}/Pods/Target Support Files/Pods-SmoothiesAndMilkshake/Pods-SmoothiesAndMilkshake-frameworks.sh\"\n";
			showEnvVarsInLog = 0;
		};
/* End PBXShellScriptBuildPhase section */

/* Begin PBXSourcesBuildPhase section */
		3D0250DA1E2D012200654356 /* Sources */ = {
			isa = PBXSourcesBuildPhase;
			buildActionMask = 2147483647;
			files = (
				3D3D4DA31E2D8AF6001C974F /* SmoothiesViewController.swift in Sources */,
				3D3D4D951E2D16CB001C974F /* Smoothies.swift in Sources */,
				3D0250E41E2D012200654356 /* ViewController.swift in Sources */,
				3D3D4D981E2D18CF001C974F /* SmoothiesAPI.swift in Sources */,
				3D0250E21E2D012200654356 /* AppDelegate.swift in Sources */,
				3D3D4D9E1E2D803F001C974F /* DrinkStore.swift in Sources */,
			);
			runOnlyForDeploymentPostprocessing = 0;
		};
/* End PBXSourcesBuildPhase section */

/* Begin PBXVariantGroup section */
		3D0250E51E2D012200654356 /* Main.storyboard */ = {
			isa = PBXVariantGroup;
			children = (
				3D0250E61E2D012200654356 /* Base */,
			);
			name = Main.storyboard;
			sourceTree = "<group>";
		};
		3D0250EA1E2D012200654356 /* LaunchScreen.storyboard */ = {
			isa = PBXVariantGroup;
			children = (
				3D0250EB1E2D012200654356 /* Base */,
			);
			name = LaunchScreen.storyboard;
			sourceTree = "<group>";
		};
/* End PBXVariantGroup section */

/* Begin XCBuildConfiguration section */
		3D0250EE1E2D012200654356 /* Debug */ = {
			isa = XCBuildConfiguration;
			buildSettings = {
				ALWAYS_SEARCH_USER_PATHS = NO;
				CLANG_ANALYZER_NONNULL = YES;
				CLANG_CXX_LANGUAGE_STANDARD = "gnu++0x";
				CLANG_CXX_LIBRARY = "libc++";
				CLANG_ENABLE_MODULES = YES;
				CLANG_ENABLE_OBJC_ARC = YES;
				CLANG_WARN_BOOL_CONVERSION = YES;
				CLANG_WARN_CONSTANT_CONVERSION = YES;
				CLANG_WARN_DIRECT_OBJC_ISA_USAGE = YES_ERROR;
				CLANG_WARN_DOCUMENTATION_COMMENTS = YES;
				CLANG_WARN_EMPTY_BODY = YES;
				CLANG_WARN_ENUM_CONVERSION = YES;
				CLANG_WARN_INFINITE_RECURSION = YES;
				CLANG_WARN_INT_CONVERSION = YES;
				CLANG_WARN_OBJC_ROOT_CLASS = YES_ERROR;
				CLANG_WARN_SUSPICIOUS_MOVE = YES;
				CLANG_WARN_UNREACHABLE_CODE = YES;
				CLANG_WARN__DUPLICATE_METHOD_MATCH = YES;
				"CODE_SIGN_IDENTITY[sdk=iphoneos*]" = "iPhone Developer";
				COPY_PHASE_STRIP = NO;
				DEBUG_INFORMATION_FORMAT = dwarf;
				ENABLE_STRICT_OBJC_MSGSEND = YES;
				ENABLE_TESTABILITY = YES;
				GCC_C_LANGUAGE_STANDARD = gnu99;
				GCC_DYNAMIC_NO_PIC = NO;
				GCC_NO_COMMON_BLOCKS = YES;
				GCC_OPTIMIZATION_LEVEL = 0;
				GCC_PREPROCESSOR_DEFINITIONS = (
					"DEBUG=1",
					"$(inherited)",
				);
				GCC_WARN_64_TO_32_BIT_CONVERSION = YES;
				GCC_WARN_ABOUT_RETURN_TYPE = YES_ERROR;
				GCC_WARN_UNDECLARED_SELECTOR = YES;
				GCC_WARN_UNINITIALIZED_AUTOS = YES_AGGRESSIVE;
				GCC_WARN_UNUSED_FUNCTION = YES;
				GCC_WARN_UNUSED_VARIABLE = YES;
				IPHONEOS_DEPLOYMENT_TARGET = 10.2;
				MTL_ENABLE_DEBUG_INFO = YES;
				ONLY_ACTIVE_ARCH = YES;
				SDKROOT = iphoneos;
				SWIFT_ACTIVE_COMPILATION_CONDITIONS = DEBUG;
				SWIFT_OPTIMIZATION_LEVEL = "-Onone";
			};
			name = Debug;
		};
		3D0250EF1E2D012200654356 /* Release */ = {
			isa = XCBuildConfiguration;
			buildSettings = {
				ALWAYS_SEARCH_USER_PATHS = NO;
				CLANG_ANALYZER_NONNULL = YES;
				CLANG_CXX_LANGUAGE_STANDARD = "gnu++0x";
				CLANG_CXX_LIBRARY = "libc++";
				CLANG_ENABLE_MODULES = YES;
				CLANG_ENABLE_OBJC_ARC = YES;
				CLANG_WARN_BOOL_CONVERSION = YES;
				CLANG_WARN_CONSTANT_CONVERSION = YES;
				CLANG_WARN_DIRECT_OBJC_ISA_USAGE = YES_ERROR;
				CLANG_WARN_DOCUMENTATION_COMMENTS = YES;
				CLANG_WARN_EMPTY_BODY = YES;
				CLANG_WARN_ENUM_CONVERSION = YES;
				CLANG_WARN_INFINITE_RECURSION = YES;
				CLANG_WARN_INT_CONVERSION = YES;
				CLANG_WARN_OBJC_ROOT_CLASS = YES_ERROR;
				CLANG_WARN_SUSPICIOUS_MOVE = YES;
				CLANG_WARN_UNREACHABLE_CODE = YES;
				CLANG_WARN__DUPLICATE_METHOD_MATCH = YES;
				"CODE_SIGN_IDENTITY[sdk=iphoneos*]" = "iPhone Developer";
				COPY_PHASE_STRIP = NO;
				DEBUG_INFORMATION_FORMAT = "dwarf-with-dsym";
				ENABLE_NS_ASSERTIONS = NO;
				ENABLE_STRICT_OBJC_MSGSEND = YES;
				GCC_C_LANGUAGE_STANDARD = gnu99;
				GCC_NO_COMMON_BLOCKS = YES;
				GCC_WARN_64_TO_32_BIT_CONVERSION = YES;
				GCC_WARN_ABOUT_RETURN_TYPE = YES_ERROR;
				GCC_WARN_UNDECLARED_SELECTOR = YES;
				GCC_WARN_UNINITIALIZED_AUTOS = YES_AGGRESSIVE;
				GCC_WARN_UNUSED_FUNCTION = YES;
				GCC_WARN_UNUSED_VARIABLE = YES;
				IPHONEOS_DEPLOYMENT_TARGET = 10.2;
				MTL_ENABLE_DEBUG_INFO = NO;
				SDKROOT = iphoneos;
				SWIFT_OPTIMIZATION_LEVEL = "-Owholemodule";
				VALIDATE_PRODUCT = YES;
			};
			name = Release;
		};
		3D0250F11E2D012200654356 /* Debug */ = {
			isa = XCBuildConfiguration;
			baseConfigurationReference = 6528F63427032051FD3C5041 /* Pods-SmoothiesAndMilkshake.debug.xcconfig */;
			buildSettings = {
				ASSETCATALOG_COMPILER_APPICON_NAME = AppIcon;
				DEVELOPMENT_TEAM = W5NYTSJ5Z2;
				INFOPLIST_FILE = SmoothiesAndMilkshake/Info.plist;
				LD_RUNPATH_SEARCH_PATHS = "$(inherited) @executable_path/Frameworks";
				PRODUCT_BUNDLE_IDENTIFIER = com.YuSiang.SmoothiesAndMilkshake;
				PRODUCT_NAME = "$(TARGET_NAME)";
				SWIFT_VERSION = 3.0;
			};
			name = Debug;
		};
		3D0250F21E2D012200654356 /* Release */ = {
			isa = XCBuildConfiguration;
			baseConfigurationReference = C72810258A789D863F331359 /* Pods-SmoothiesAndMilkshake.release.xcconfig */;
			buildSettings = {
				ASSETCATALOG_COMPILER_APPICON_NAME = AppIcon;
				DEVELOPMENT_TEAM = W5NYTSJ5Z2;
				INFOPLIST_FILE = SmoothiesAndMilkshake/Info.plist;
				LD_RUNPATH_SEARCH_PATHS = "$(inherited) @executable_path/Frameworks";
				PRODUCT_BUNDLE_IDENTIFIER = com.YuSiang.SmoothiesAndMilkshake;
				PRODUCT_NAME = "$(TARGET_NAME)";
				SWIFT_VERSION = 3.0;
			};
			name = Release;
		};
/* End XCBuildConfiguration section */

/* Begin XCConfigurationList section */
		3D0250D91E2D012200654356 /* Build configuration list for PBXProject "SmoothiesAndMilkshake" */ = {
			isa = XCConfigurationList;
			buildConfigurations = (
				3D0250EE1E2D012200654356 /* Debug */,
				3D0250EF1E2D012200654356 /* Release */,
			);
			defaultConfigurationIsVisible = 0;
			defaultConfigurationName = Release;
		};
		3D0250F01E2D012200654356 /* Build configuration list for PBXNativeTarget "SmoothiesAndMilkshake" */ = {
			isa = XCConfigurationList;
			buildConfigurations = (
				3D0250F11E2D012200654356 /* Debug */,
				3D0250F21E2D012200654356 /* Release */,
			);
			defaultConfigurationIsVisible = 0;
			defaultConfigurationName = Release;
		};
/* End XCConfigurationList section */
	};
	rootObject = 3D0250D61E2D012200654356 /* Project object */;
}
